
Microsoft Visual Studio Solution File, Format Version 12.00
# Visual Studio Version 17
VisualStudioVersion = 17.11.35327.3
MinimumVisualStudioVersion = 10.0.40219.1
Project("{FAE04EC0-301F-11D3-BF4B-00C04F79EFBC}") = "timeliner_plugin", "timeliner_plugin.csproj", "{0CE1FFEC-AC0F-4376-9DFE-5B6EFFD8BE31}"
EndProject
Project("{2150E333-8FDC-42A3-9474-1A3956D46DE8}") = "Solution Items", "Solution Items", "{D60E2FFA-4125-4B56-B5E2-F57B20ECB52D}"
	ProjectSection(SolutionItems) = preProject
		file.json = file.json
	EndProjectSection
EndProject
Global
	GlobalSection(SolutionConfigurationPlatforms) = preSolution
		Debug|Any CPU = Debug|Any CPU
		Release|Any CPU = Release|Any CPU
	EndGlobalSection
	GlobalSection(ProjectConfigurationPlatforms) = postSolution
		{0CE1FFEC-AC0F-4376-9DFE-5B6EFFD8BE31}.Debug|Any CPU.ActiveCfg = Debug|x64
		{0CE1FFEC-AC0F-4376-9DFE-5B6EFFD8BE31}.Debug|Any CPU.Build.0 = Debug|x64
		{0CE1FFEC-AC0F-4376-9DFE-5B6EFFD8BE31}.Release|Any CPU.ActiveCfg = Release|Any CPU
		{0CE1FFEC-AC0F-4376-9DFE-5B6EFFD8BE31}.Release|Any CPU.Build.0 = Release|Any CPU
	EndGlobalSection
	GlobalSection(SolutionProperties) = preSolution
		HideSolutionNode = FALSE
	EndGlobalSection
	GlobalSection(ExtensibilityGlobals) = postSolution
		SolutionGuid = {6E63EB25-6389-4A57-A07C-2612287DDF21}
	EndGlobalSection
EndGlobal
